// !$*UTF8*$!
{
	archiveVersion = 1;
	classes = {
	};
	objectVersion = 46;
	objects = {

/* Begin PBXBuildFile section */
		28772F327B61E53E85EDE3F1 /* libPods-OmnipotentApp.a in Frameworks */ = {isa = PBXBuildFile; fileRef = DA9702F6B18ABCCB3BC3B2D2 /* libPods-OmnipotentApp.a */; };
		7102B24C1C0BE93500497F95 /* OmnipotentAppTests.swift in Sources */ = {isa = PBXBuildFile; fileRef = 7102B24B1C0BE93500497F95 /* OmnipotentAppTests.swift */; };
		7102B2571C0BE93500497F95 /* OmnipotentAppUITests.swift in Sources */ = {isa = PBXBuildFile; fileRef = 7102B2561C0BE93500497F95 /* OmnipotentAppUITests.swift */; };
		71056B841C0D79B00062B294 /* SRLoginViewController.swift in Sources */ = {isa = PBXBuildFile; fileRef = 71056B821C0D79B00062B294 /* SRLoginViewController.swift */; };
		71056B851C0D79B00062B294 /* AppDelegate.swift in Sources */ = {isa = PBXBuildFile; fileRef = 71056B831C0D79B00062B294 /* AppDelegate.swift */; };
		71056B8A1C0D81DE0062B294 /* SRTabBarController.swift in Sources */ = {isa = PBXBuildFile; fileRef = 71056B891C0D81DE0062B294 /* SRTabBarController.swift */; };
		71056B981C0DA06A0062B294 /* KxMenu.m in Sources */ = {isa = PBXBuildFile; fileRef = 71056B971C0DA06A0062B294 /* KxMenu.m */; };
		71056B9A1C0DA42D0062B294 /* SRHomePageViewController.swift in Sources */ = {isa = PBXBuildFile; fileRef = 71056B991C0DA42D0062B294 /* SRHomePageViewController.swift */; };
		710E013B1C1019C90035E244 /* SRSettingViewController.swift in Sources */ = {isa = PBXBuildFile; fileRef = 710E013A1C1019C90035E244 /* SRSettingViewController.swift */; };
		711060C91C0C133500B25979 /* SRUnderlineTextField.swift in Sources */ = {isa = PBXBuildFile; fileRef = 711060C81C0C133500B25979 /* SRUnderlineTextField.swift */; };
		711797561C117D3D0048D860 /* SRUtil.swift in Sources */ = {isa = PBXBuildFile; fileRef = 711797551C117D3D0048D860 /* SRUtil.swift */; };
		7142BA721C0C3E2E0021D588 /* SRAnimatedImagesView.swift in Sources */ = {isa = PBXBuildFile; fileRef = 7142BA711C0C3E2E0021D588 /* SRAnimatedImagesView.swift */; };
		7186A6701C76F109009B5E7A /* AlIndicator.swift in Sources */ = {isa = PBXBuildFile; fileRef = 7186A66F1C76F109009B5E7A /* AlIndicator.swift */; };
		719B9B841C152836004F1A5F /* SRLaunchAdViewController.swift in Sources */ = {isa = PBXBuildFile; fileRef = 719B9B831C152836004F1A5F /* SRLaunchAdViewController.swift */; };
		719B9B861C153616004F1A5F /* SRCountdownViewController.swift in Sources */ = {isa = PBXBuildFile; fileRef = 719B9B851C153616004F1A5F /* SRCountdownViewController.swift */; };
		719B9B8E1C156C4F004F1A5F /* ZWAdView.m in Sources */ = {isa = PBXBuildFile; fileRef = 719B9B8D1C156C4F004F1A5F /* ZWAdView.m */; };
		719B9B961C157E45004F1A5F /* LCnterView.m in Sources */ = {isa = PBXBuildFile; fileRef = 719B9B911C157E45004F1A5F /* LCnterView.m */; };
		719B9B971C157E45004F1A5F /* LDrawerViewController.m in Sources */ = {isa = PBXBuildFile; fileRef = 719B9B931C157E45004F1A5F /* LDrawerViewController.m */; };
		71CA99181C1684AD0013FCBD /* Assets.xcassets in Resources */ = {isa = PBXBuildFile; fileRef = 71CA990F1C1684AD0013FCBD /* Assets.xcassets */; };
		71CA99191C1684AD0013FCBD /* LaunchScreen.storyboard in Resources */ = {isa = PBXBuildFile; fileRef = 71CA99101C1684AD0013FCBD /* LaunchScreen.storyboard */; };
		71CA991A1C1684AD0013FCBD /* Main.storyboard in Resources */ = {isa = PBXBuildFile; fileRef = 71CA99121C1684AD0013FCBD /* Main.storyboard */; };
		71CA991B1C1684AD0013FCBD /* Info.plist in Resources */ = {isa = PBXBuildFile; fileRef = 71CA99141C1684AD0013FCBD /* Info.plist */; };
		71CA991C1C1684AD0013FCBD /* OmnipotentApp.xcdatamodeld in Sources */ = {isa = PBXBuildFile; fileRef = 71CA99161C1684AD0013FCBD /* OmnipotentApp.xcdatamodeld */; };
		71FA85831C0E96B100F6F4B1 /* SRMsgViewController.swift in Sources */ = {isa = PBXBuildFile; fileRef = 71FA85821C0E96B100F6F4B1 /* SRMsgViewController.swift */; };
/* End PBXBuildFile section */

/* Begin PBXContainerItemProxy section */
		7102B2481C0BE93500497F95 /* PBXContainerItemProxy */ = {
			isa = PBXContainerItemProxy;
			containerPortal = 7102B2281C0BE93400497F95 /* Project object */;
			proxyType = 1;
			remoteGlobalIDString = 7102B22F1C0BE93400497F95;
			remoteInfo = OmnipotentApp;
		};
		7102B2531C0BE93500497F95 /* PBXContainerItemProxy */ = {
			isa = PBXContainerItemProxy;
			containerPortal = 7102B2281C0BE93400497F95 /* Project object */;
			proxyType = 1;
			remoteGlobalIDString = 7102B22F1C0BE93400497F95;
			remoteInfo = OmnipotentApp;
		};
/* End PBXContainerItemProxy section */

/* Begin PBXFileReference section */
		398944F4D3B27DDD2322C5A2 /* Pods-OmnipotentApp.release.xcconfig */ = {isa = PBXFileReference; includeInIndex = 1; lastKnownFileType = text.xcconfig; name = "Pods-OmnipotentApp.release.xcconfig"; path = "Pods/Target Support Files/Pods-OmnipotentApp/Pods-OmnipotentApp.release.xcconfig"; sourceTree = "<group>"; };
		7102B2301C0BE93500497F95 /* OmnipotentApp.app */ = {isa = PBXFileReference; explicitFileType = wrapper.application; includeInIndex = 0; path = OmnipotentApp.app; sourceTree = BUILT_PRODUCTS_DIR; };
		7102B2471C0BE93500497F95 /* OmnipotentAppTests.xctest */ = {isa = PBXFileReference; explicitFileType = wrapper.cfbundle; includeInIndex = 0; path = OmnipotentAppTests.xctest; sourceTree = BUILT_PRODUCTS_DIR; };
		7102B24B1C0BE93500497F95 /* OmnipotentAppTests.swift */ = {isa = PBXFileReference; lastKnownFileType = sourcecode.swift; path = OmnipotentAppTests.swift; sourceTree = "<group>"; };
		7102B24D1C0BE93500497F95 /* Info.plist */ = {isa = PBXFileReference; lastKnownFileType = text.plist.xml; path = Info.plist; sourceTree = "<group>"; };
		7102B2521C0BE93500497F95 /* OmnipotentAppUITests.xctest */ = {isa = PBXFileReference; explicitFileType = wrapper.cfbundle; includeInIndex = 0; path = OmnipotentAppUITests.xctest; sourceTree = BUILT_PRODUCTS_DIR; };
		7102B2561C0BE93500497F95 /* OmnipotentAppUITests.swift */ = {isa = PBXFileReference; lastKnownFileType = sourcecode.swift; path = OmnipotentAppUITests.swift; sourceTree = "<group>"; };
		7102B2581C0BE93500497F95 /* Info.plist */ = {isa = PBXFileReference; lastKnownFileType = text.plist.xml; path = Info.plist; sourceTree = "<group>"; };
		71056B821C0D79B00062B294 /* SRLoginViewController.swift */ = {isa = PBXFileReference; fileEncoding = 4; lastKnownFileType = sourcecode.swift; path = SRLoginViewController.swift; sourceTree = "<group>"; };
		71056B831C0D79B00062B294 /* AppDelegate.swift */ = {isa = PBXFileReference; fileEncoding = 4; lastKnownFileType = sourcecode.swift; path = AppDelegate.swift; sourceTree = "<group>"; };
		71056B891C0D81DE0062B294 /* SRTabBarController.swift */ = {isa = PBXFileReference; fileEncoding = 4; lastKnownFileType = sourcecode.swift; path = SRTabBarController.swift; sourceTree = "<group>"; };
		71056B961C0DA06A0062B294 /* KxMenu.h */ = {isa = PBXFileReference; fileEncoding = 4; lastKnownFileType = sourcecode.c.h; path = KxMenu.h; sourceTree = "<group>"; };
		71056B971C0DA06A0062B294 /* KxMenu.m */ = {isa = PBXFileReference; fileEncoding = 4; lastKnownFileType = sourcecode.c.objc; path = KxMenu.m; sourceTree = "<group>"; };
		71056B991C0DA42D0062B294 /* SRHomePageViewController.swift */ = {isa = PBXFileReference; fileEncoding = 4; lastKnownFileType = sourcecode.swift; path = SRHomePageViewController.swift; sourceTree = "<group>"; };
		710E013A1C1019C90035E244 /* SRSettingViewController.swift */ = {isa = PBXFileReference; fileEncoding = 4; lastKnownFileType = sourcecode.swift; path = SRSettingViewController.swift; sourceTree = "<group>"; };
		711060C81C0C133500B25979 /* SRUnderlineTextField.swift */ = {isa = PBXFileReference; fileEncoding = 4; lastKnownFileType = sourcecode.swift; path = SRUnderlineTextField.swift; sourceTree = "<group>"; };
		711797551C117D3D0048D860 /* SRUtil.swift */ = {isa = PBXFileReference; fileEncoding = 4; lastKnownFileType = sourcecode.swift; path = SRUtil.swift; sourceTree = "<group>"; };
		7142BA711C0C3E2E0021D588 /* SRAnimatedImagesView.swift */ = {isa = PBXFileReference; fileEncoding = 4; lastKnownFileType = sourcecode.swift; path = SRAnimatedImagesView.swift; sourceTree = "<group>"; };
		7186A66F1C76F109009B5E7A /* AlIndicator.swift */ = {isa = PBXFileReference; fileEncoding = 4; lastKnownFileType = sourcecode.swift; path = AlIndicator.swift; sourceTree = "<group>"; };
		719B9B831C152836004F1A5F /* SRLaunchAdViewController.swift */ = {isa = PBXFileReference; fileEncoding = 4; lastKnownFileType = sourcecode.swift; path = SRLaunchAdViewController.swift; sourceTree = "<group>"; };
		719B9B851C153616004F1A5F /* SRCountdownViewController.swift */ = {isa = PBXFileReference; fileEncoding = 4; lastKnownFileType = sourcecode.swift; path = SRCountdownViewController.swift; sourceTree = "<group>"; };
		719B9B8C1C156C4F004F1A5F /* ZWAdView.h */ = {isa = PBXFileReference; fileEncoding = 4; lastKnownFileType = sourcecode.c.h; path = ZWAdView.h; sourceTree = "<group>"; };
		719B9B8D1C156C4F004F1A5F /* ZWAdView.m */ = {isa = PBXFileReference; fileEncoding = 4; lastKnownFileType = sourcecode.c.objc; path = ZWAdView.m; sourceTree = "<group>"; };
		719B9B901C157E45004F1A5F /* LCnterView.h */ = {isa = PBXFileReference; fileEncoding = 4; lastKnownFileType = sourcecode.c.h; path = LCnterView.h; sourceTree = "<group>"; };
		719B9B911C157E45004F1A5F /* LCnterView.m */ = {isa = PBXFileReference; fileEncoding = 4; lastKnownFileType = sourcecode.c.objc; path = LCnterView.m; sourceTree = "<group>"; };
		719B9B921C157E45004F1A5F /* LDrawerViewController.h */ = {isa = PBXFileReference; fileEncoding = 4; lastKnownFileType = sourcecode.c.h; path = LDrawerViewController.h; sourceTree = "<group>"; };
		719B9B931C157E45004F1A5F /* LDrawerViewController.m */ = {isa = PBXFileReference; fileEncoding = 4; lastKnownFileType = sourcecode.c.objc; path = LDrawerViewController.m; sourceTree = "<group>"; };
		71CA990F1C1684AD0013FCBD /* Assets.xcassets */ = {isa = PBXFileReference; lastKnownFileType = folder.assetcatalog; path = Assets.xcassets; sourceTree = "<group>"; };
		71CA99111C1684AD0013FCBD /* Base */ = {isa = PBXFileReference; lastKnownFileType = file.storyboard; name = Base; path = Base.lproj/LaunchScreen.storyboard; sourceTree = "<group>"; };
		71CA99131C1684AD0013FCBD /* Base */ = {isa = PBXFileReference; lastKnownFileType = file.storyboard; name = Base; path = Base.lproj/Main.storyboard; sourceTree = "<group>"; };
		71CA99141C1684AD0013FCBD /* Info.plist */ = {isa = PBXFileReference; fileEncoding = 4; lastKnownFileType = text.plist.xml; path = Info.plist; sourceTree = "<group>"; };
		71CA99151C1684AD0013FCBD /* OmnipotentApp-Bridging-Header.h */ = {isa = PBXFileReference; fileEncoding = 4; lastKnownFileType = sourcecode.c.h; path = "OmnipotentApp-Bridging-Header.h"; sourceTree = "<group>"; };
		71CA99171C1684AD0013FCBD /* OmnipotentApp.xcdatamodel */ = {isa = PBXFileReference; lastKnownFileType = wrapper.xcdatamodel; path = OmnipotentApp.xcdatamodel; sourceTree = "<group>"; };
		71FA85821C0E96B100F6F4B1 /* SRMsgViewController.swift */ = {isa = PBXFileReference; fileEncoding = 4; lastKnownFileType = sourcecode.swift; path = SRMsgViewController.swift; sourceTree = "<group>"; };
		D9058946100FDE5D2D51E4EA /* Pods-OmnipotentApp.debug.xcconfig */ = {isa = PBXFileReference; includeInIndex = 1; lastKnownFileType = text.xcconfig; name = "Pods-OmnipotentApp.debug.xcconfig"; path = "Pods/Target Support Files/Pods-OmnipotentApp/Pods-OmnipotentApp.debug.xcconfig"; sourceTree = "<group>"; };
		DA9702F6B18ABCCB3BC3B2D2 /* libPods-OmnipotentApp.a */ = {isa = PBXFileReference; explicitFileType = archive.ar; includeInIndex = 0; path = "libPods-OmnipotentApp.a"; sourceTree = BUILT_PRODUCTS_DIR; };
/* End PBXFileReference section */

/* Begin PBXFrameworksBuildPhase section */
		7102B22D1C0BE93400497F95 /* Frameworks */ = {
			isa = PBXFrameworksBuildPhase;
			buildActionMask = 2147483647;
			files = (
				28772F327B61E53E85EDE3F1 /* libPods-OmnipotentApp.a in Frameworks */,
			);
			runOnlyForDeploymentPostprocessing = 0;
		};
		7102B2441C0BE93500497F95 /* Frameworks */ = {
			isa = PBXFrameworksBuildPhase;
			buildActionMask = 2147483647;
			files = (
			);
			runOnlyForDeploymentPostprocessing = 0;
		};
		7102B24F1C0BE93500497F95 /* Frameworks */ = {
			isa = PBXFrameworksBuildPhase;
			buildActionMask = 2147483647;
			files = (
			);
			runOnlyForDeploymentPostprocessing = 0;
		};
/* End PBXFrameworksBuildPhase section */

/* Begin PBXGroup section */
		6B45B198A472DFDB641739C0 /* Frameworks */ = {
			isa = PBXGroup;
			children = (
				DA9702F6B18ABCCB3BC3B2D2 /* libPods-OmnipotentApp.a */,
			);
			name = Frameworks;
			sourceTree = "<group>";
		};
		7102B2271C0BE93400497F95 = {
			isa = PBXGroup;
			children = (
				7102B2321C0BE93500497F95 /* OmnipotentApp */,
				7102B24A1C0BE93500497F95 /* OmnipotentAppTests */,
				7102B2551C0BE93500497F95 /* OmnipotentAppUITests */,
				7102B2311C0BE93500497F95 /* Products */,
				ACEC72BC208F560A93C3DAC9 /* Pods */,
				6B45B198A472DFDB641739C0 /* Frameworks */,
			);
			sourceTree = "<group>";
		};
		7102B2311C0BE93500497F95 /* Products */ = {
			isa = PBXGroup;
			children = (
				7102B2301C0BE93500497F95 /* OmnipotentApp.app */,
				7102B2471C0BE93500497F95 /* OmnipotentAppTests.xctest */,
				7102B2521C0BE93500497F95 /* OmnipotentAppUITests.xctest */,
			);
			name = Products;
			sourceTree = "<group>";
		};
		7102B2321C0BE93500497F95 /* OmnipotentApp */ = {
			isa = PBXGroup;
			children = (
				711060C61C0C12DB00B25979 /* Model */,
				711060C71C0C12DB00B25979 /* View */,
				711060C51C0C12DB00B25979 /* Controller */,
				71056B8B1C0D90250062B294 /* ThirdParty */,
				71CA990E1C1684AD0013FCBD /* Supporting Files */,
			);
			path = OmnipotentApp;
			sourceTree = "<group>";
		};
		7102B24A1C0BE93500497F95 /* OmnipotentAppTests */ = {
			isa = PBXGroup;
			children = (
				7102B24B1C0BE93500497F95 /* OmnipotentAppTests.swift */,
				7102B24D1C0BE93500497F95 /* Info.plist */,
			);
			path = OmnipotentAppTests;
			sourceTree = "<group>";
		};
		7102B2551C0BE93500497F95 /* OmnipotentAppUITests */ = {
			isa = PBXGroup;
			children = (
				7102B2561C0BE93500497F95 /* OmnipotentAppUITests.swift */,
				7102B2581C0BE93500497F95 /* Info.plist */,
			);
			path = OmnipotentAppUITests;
			sourceTree = "<group>";
		};
		71056B8B1C0D90250062B294 /* ThirdParty */ = {
			isa = PBXGroup;
			children = (
				719B9B8F1C157E45004F1A5F /* LDrawerViewController */,
				719B9B8B1C156C4F004F1A5F /* ZWADScrollview */,
				71056B951C0DA06A0062B294 /* KxMenu */,
			);
			path = ThirdParty;
			sourceTree = "<group>";
		};
		71056B951C0DA06A0062B294 /* KxMenu */ = {
			isa = PBXGroup;
			children = (
				71056B961C0DA06A0062B294 /* KxMenu.h */,
				71056B971C0DA06A0062B294 /* KxMenu.m */,
			);
			path = KxMenu;
			sourceTree = "<group>";
		};
		711060C51C0C12DB00B25979 /* Controller */ = {
			isa = PBXGroup;
			children = (
				711797551C117D3D0048D860 /* SRUtil.swift */,
				71056B821C0D79B00062B294 /* SRLoginViewController.swift */,
				71056B831C0D79B00062B294 /* AppDelegate.swift */,
				71056B891C0D81DE0062B294 /* SRTabBarController.swift */,
				71056B991C0DA42D0062B294 /* SRHomePageViewController.swift */,
				71FA85821C0E96B100F6F4B1 /* SRMsgViewController.swift */,
				710E013A1C1019C90035E244 /* SRSettingViewController.swift */,
				719B9B831C152836004F1A5F /* SRLaunchAdViewController.swift */,
				719B9B851C153616004F1A5F /* SRCountdownViewController.swift */,
			);
			path = Controller;
			sourceTree = "<group>";
		};
		711060C61C0C12DB00B25979 /* Model */ = {
			isa = PBXGroup;
			children = (
			);
			path = Model;
			sourceTree = "<group>";
		};
		711060C71C0C12DB00B25979 /* View */ = {
			isa = PBXGroup;
			children = (
				711060C81C0C133500B25979 /* SRUnderlineTextField.swift */,
				7142BA711C0C3E2E0021D588 /* SRAnimatedImagesView.swift */,
				7186A66F1C76F109009B5E7A /* AlIndicator.swift */,
			);
			path = View;
			sourceTree = "<group>";
		};
		719B9B8B1C156C4F004F1A5F /* ZWADScrollview */ = {
			isa = PBXGroup;
			children = (
				719B9B8C1C156C4F004F1A5F /* ZWAdView.h */,
				719B9B8D1C156C4F004F1A5F /* ZWAdView.m */,
			);
			path = ZWADScrollview;
			sourceTree = "<group>";
		};
		719B9B8F1C157E45004F1A5F /* LDrawerViewController */ = {
			isa = PBXGroup;
			children = (
				719B9B901C157E45004F1A5F /* LCnterView.h */,
				719B9B911C157E45004F1A5F /* LCnterView.m */,
				719B9B921C157E45004F1A5F /* LDrawerViewController.h */,
				719B9B931C157E45004F1A5F /* LDrawerViewController.m */,
			);
			path = LDrawerViewController;
			sourceTree = "<group>";
		};
		71CA990E1C1684AD0013FCBD /* Supporting Files */ = {
			isa = PBXGroup;
			children = (
				71CA990F1C1684AD0013FCBD /* Assets.xcassets */,
				71CA99101C1684AD0013FCBD /* LaunchScreen.storyboard */,
				71CA99121C1684AD0013FCBD /* Main.storyboard */,
				71CA99141C1684AD0013FCBD /* Info.plist */,
				71CA99151C1684AD0013FCBD /* OmnipotentApp-Bridging-Header.h */,
				71CA99161C1684AD0013FCBD /* OmnipotentApp.xcdatamodeld */,
			);
			path = "Supporting Files";
			sourceTree = "<group>";
		};
		ACEC72BC208F560A93C3DAC9 /* Pods */ = {
			isa = PBXGroup;
			children = (
				D9058946100FDE5D2D51E4EA /* Pods-OmnipotentApp.debug.xcconfig */,
				398944F4D3B27DDD2322C5A2 /* Pods-OmnipotentApp.release.xcconfig */,
			);
			name = Pods;
			sourceTree = "<group>";
		};
/* End PBXGroup section */

/* Begin PBXNativeTarget section */
		7102B22F1C0BE93400497F95 /* OmnipotentApp */ = {
			isa = PBXNativeTarget;
			buildConfigurationList = 7102B25B1C0BE93600497F95 /* Build configuration list for PBXNativeTarget "OmnipotentApp" */;
			buildPhases = (
				DAFDF8F1392D14751C4C5D25 /* Check Pods Manifest.lock */,
				7102B22C1C0BE93400497F95 /* Sources */,
				7102B22D1C0BE93400497F95 /* Frameworks */,
				7102B22E1C0BE93400497F95 /* Resources */,
				E92DB254AB7B9EC40BC71BC8 /* Embed Pods Frameworks */,
				4F9E33C0195F8F09C16FE9B5 /* Copy Pods Resources */,
			);
			buildRules = (
			);
			dependencies = (
			);
			name = OmnipotentApp;
			productName = OmnipotentApp;
			productReference = 7102B2301C0BE93500497F95 /* OmnipotentApp.app */;
			productType = "com.apple.product-type.application";
		};
		7102B2461C0BE93500497F95 /* OmnipotentAppTests */ = {
			isa = PBXNativeTarget;
			buildConfigurationList = 7102B25E1C0BE93600497F95 /* Build configuration list for PBXNativeTarget "OmnipotentAppTests" */;
			buildPhases = (
				7102B2431C0BE93500497F95 /* Sources */,
				7102B2441C0BE93500497F95 /* Frameworks */,
				7102B2451C0BE93500497F95 /* Resources */,
			);
			buildRules = (
			);
			dependencies = (
				7102B2491C0BE93500497F95 /* PBXTargetDependency */,
			);
			name = OmnipotentAppTests;
			productName = OmnipotentAppTests;
			productReference = 7102B2471C0BE93500497F95 /* OmnipotentAppTests.xctest */;
			productType = "com.apple.product-type.bundle.unit-test";
		};
		7102B2511C0BE93500497F95 /* OmnipotentAppUITests */ = {
			isa = PBXNativeTarget;
			buildConfigurationList = 7102B2611C0BE93600497F95 /* Build configuration list for PBXNativeTarget "OmnipotentAppUITests" */;
			buildPhases = (
				7102B24E1C0BE93500497F95 /* Sources */,
				7102B24F1C0BE93500497F95 /* Frameworks */,
				7102B2501C0BE93500497F95 /* Resources */,
			);
			buildRules = (
			);
			dependencies = (
				7102B2541C0BE93500497F95 /* PBXTargetDependency */,
			);
			name = OmnipotentAppUITests;
			productName = OmnipotentAppUITests;
			productReference = 7102B2521C0BE93500497F95 /* OmnipotentAppUITests.xctest */;
			productType = "com.apple.product-type.bundle.ui-testing";
		};
/* End PBXNativeTarget section */

/* Begin PBXProject section */
		7102B2281C0BE93400497F95 /* Project object */ = {
			isa = PBXProject;
			attributes = {
				LastSwiftUpdateCheck = 0710;
				LastUpgradeCheck = 0710;
				ORGANIZATIONNAME = suorui;
				TargetAttributes = {
					7102B22F1C0BE93400497F95 = {
						CreatedOnToolsVersion = 7.1.1;
						DevelopmentTeam = B5BXCD45E5;
					};
					7102B2461C0BE93500497F95 = {
						CreatedOnToolsVersion = 7.1.1;
						TestTargetID = 7102B22F1C0BE93400497F95;
					};
					7102B2511C0BE93500497F95 = {
						CreatedOnToolsVersion = 7.1.1;
						TestTargetID = 7102B22F1C0BE93400497F95;
					};
				};
			};
			buildConfigurationList = 7102B22B1C0BE93400497F95 /* Build configuration list for PBXProject "OmnipotentApp" */;
			compatibilityVersion = "Xcode 3.2";
			developmentRegion = English;
			hasScannedForEncodings = 0;
			knownRegions = (
				en,
				Base,
			);
			mainGroup = 7102B2271C0BE93400497F95;
			productRefGroup = 7102B2311C0BE93500497F95 /* Products */;
			projectDirPath = "";
			projectRoot = "";
			targets = (
				7102B22F1C0BE93400497F95 /* OmnipotentApp */,
				7102B2461C0BE93500497F95 /* OmnipotentAppTests */,
				7102B2511C0BE93500497F95 /* OmnipotentAppUITests */,
			);
		};
/* End PBXProject section */

/* Begin PBXResourcesBuildPhase section */
		7102B22E1C0BE93400497F95 /* Resources */ = {
			isa = PBXResourcesBuildPhase;
			buildActionMask = 2147483647;
			files = (
				71CA991B1C1684AD0013FCBD /* Info.plist in Resources */,
				71CA991A1C1684AD0013FCBD /* Main.storyboard in Resources */,
				71CA99181C1684AD0013FCBD /* Assets.xcassets in Resources */,
				71CA99191C1684AD0013FCBD /* LaunchScreen.storyboard in Resources */,
			);
			runOnlyForDeploymentPostprocessing = 0;
		};
		7102B2451C0BE93500497F95 /* Resources */ = {
			isa = PBXResourcesBuildPhase;
			buildActionMask = 2147483647;
			files = (
			);
			runOnlyForDeploymentPostprocessing = 0;
		};
		7102B2501C0BE93500497F95 /* Resources */ = {
			isa = PBXResourcesBuildPhase;
			buildActionMask = 2147483647;
			files = (
			);
			runOnlyForDeploymentPostprocessing = 0;
		};
/* End PBXResourcesBuildPhase section */

/* Begin PBXShellScriptBuildPhase section */
		4F9E33C0195F8F09C16FE9B5 /* Copy Pods Resources */ = {
			isa = PBXShellScriptBuildPhase;
			buildActionMask = 2147483647;
			files = (
			);
			inputPaths = (
			);
			name = "Copy Pods Resources";
			outputPaths = (
			);
			runOnlyForDeploymentPostprocessing = 0;
			shellPath = /bin/sh;
			shellScript = "\"${SRCROOT}/Pods/Target Support Files/Pods-OmnipotentApp/Pods-OmnipotentApp-resources.sh\"\n";
			showEnvVarsInLog = 0;
		};
		DAFDF8F1392D14751C4C5D25 /* Check Pods Manifest.lock */ = {
			isa = PBXShellScriptBuildPhase;
			buildActionMask = 2147483647;
			files = (
			);
			inputPaths = (
			);
			name = "Check Pods Manifest.lock";
			outputPaths = (
			);
			runOnlyForDeploymentPostprocessing = 0;
			shellPath = /bin/sh;
			shellScript = "diff \"${PODS_ROOT}/../Podfile.lock\" \"${PODS_ROOT}/Manifest.lock\" > /dev/null\nif [[ $? != 0 ]] ; then\n    cat << EOM\nerror: The sandbox is not in sync with the Podfile.lock. Run 'pod install' or update your CocoaPods installation.\nEOM\n    exit 1\nfi\n";
			showEnvVarsInLog = 0;
		};
		E92DB254AB7B9EC40BC71BC8 /* Embed Pods Frameworks */ = {
			isa = PBXShellScriptBuildPhase;
			buildActionMask = 2147483647;
			files = (
			);
			inputPaths = (
			);
			name = "Embed Pods Frameworks";
			outputPaths = (
			);
			runOnlyForDeploymentPostprocessing = 0;
			shellPath = /bin/sh;
			shellScript = "\"${SRCROOT}/Pods/Target Support Files/Pods-OmnipotentApp/Pods-OmnipotentApp-frameworks.sh\"\n";
			showEnvVarsInLog = 0;
		};
/* End PBXShellScriptBuildPhase section */

/* Begin PBXSourcesBuildPhase section */
		7102B22C1C0BE93400497F95 /* Sources */ = {
			isa = PBXSourcesBuildPhase;
			buildActionMask = 2147483647;
			files = (
				71CA991C1C1684AD0013FCBD /* OmnipotentApp.xcdatamodeld in Sources */,
				71056B841C0D79B00062B294 /* SRLoginViewController.swift in Sources */,
				719B9B861C153616004F1A5F /* SRCountdownViewController.swift in Sources */,
				719B9B971C157E45004F1A5F /* LDrawerViewController.m in Sources */,
				7186A6701C76F109009B5E7A /* AlIndicator.swift in Sources */,
				711060C91C0C133500B25979 /* SRUnderlineTextField.swift in Sources */,
				71056B851C0D79B00062B294 /* AppDelegate.swift in Sources */,
				711797561C117D3D0048D860 /* SRUtil.swift in Sources */,
				719B9B8E1C156C4F004F1A5F /* ZWAdView.m in Sources */,
				71056B981C0DA06A0062B294 /* KxMenu.m in Sources */,
				719B9B961C157E45004F1A5F /* LCnterView.m in Sources */,
				71056B9A1C0DA42D0062B294 /* SRHomePageViewController.swift in Sources */,
				719B9B841C152836004F1A5F /* SRLaunchAdViewController.swift in Sources */,
				71FA85831C0E96B100F6F4B1 /* SRMsgViewController.swift in Sources */,
				71056B8A1C0D81DE0062B294 /* SRTabBarController.swift in Sources */,
				710E013B1C1019C90035E244 /* SRSettingViewController.swift in Sources */,
				7142BA721C0C3E2E0021D588 /* SRAnimatedImagesView.swift in Sources */,
			);
			runOnlyForDeploymentPostprocessing = 0;
		};
		7102B2431C0BE93500497F95 /* Sources */ = {
			isa = PBXSourcesBuildPhase;
			buildActionMask = 2147483647;
			files = (
				7102B24C1C0BE93500497F95 /* OmnipotentAppTests.swift in Sources */,
			);
			runOnlyForDeploymentPostprocessing = 0;
		};
		7102B24E1C0BE93500497F95 /* Sources */ = {
			isa = PBXSourcesBuildPhase;
			buildActionMask = 2147483647;
			files = (
				7102B2571C0BE93500497F95 /* OmnipotentAppUITests.swift in Sources */,
			);
			runOnlyForDeploymentPostprocessing = 0;
		};
/* End PBXSourcesBuildPhase section */

/* Begin PBXTargetDependency section */
		7102B2491C0BE93500497F95 /* PBXTargetDependency */ = {
			isa = PBXTargetDependency;
			target = 7102B22F1C0BE93400497F95 /* OmnipotentApp */;
			targetProxy = 7102B2481C0BE93500497F95 /* PBXContainerItemProxy */;
		};
		7102B2541C0BE93500497F95 /* PBXTargetDependency */ = {
			isa = PBXTargetDependency;
			target = 7102B22F1C0BE93400497F95 /* OmnipotentApp */;
			targetProxy = 7102B2531C0BE93500497F95 /* PBXContainerItemProxy */;
		};
/* End PBXTargetDependency section */

/* Begin PBXVariantGroup section */
		71CA99101C1684AD0013FCBD /* LaunchScreen.storyboard */ = {
			isa = PBXVariantGroup;
			children = (
				71CA99111C1684AD0013FCBD /* Base */,
			);
			name = LaunchScreen.storyboard;
			sourceTree = "<group>";
		};
		71CA99121C1684AD0013FCBD /* Main.storyboard */ = {
			isa = PBXVariantGroup;
			children = (
				71CA99131C1684AD0013FCBD /* Base */,
			);
			name = Main.storyboard;
			sourceTree = "<group>";
		};
/* End PBXVariantGroup section */

/* Begin XCBuildConfiguration section */
		7102B2591C0BE93600497F95 /* Debug */ = {
			isa = XCBuildConfiguration;
			buildSettings = {
				ALWAYS_SEARCH_USER_PATHS = NO;
				CLANG_CXX_LANGUAGE_STANDARD = "gnu++0x";
				CLANG_CXX_LIBRARY = "libc++";
				CLANG_ENABLE_MODULES = YES;
				CLANG_ENABLE_OBJC_ARC = YES;
				CLANG_WARN_BOOL_CONVERSION = YES;
				CLANG_WARN_CONSTANT_CONVERSION = YES;
				CLANG_WARN_DIRECT_OBJC_ISA_USAGE = YES_ERROR;
				CLANG_WARN_EMPTY_BODY = YES;
				CLANG_WARN_ENUM_CONVERSION = YES;
				CLANG_WARN_INT_CONVERSION = YES;
				CLANG_WARN_OBJC_ROOT_CLASS = YES_ERROR;
				CLANG_WARN_UNREACHABLE_CODE = YES;
				CLANG_WARN__DUPLICATE_METHOD_MATCH = YES;
				"CODE_SIGN_IDENTITY[sdk=iphoneos*]" = "iPhone Developer";
				COPY_PHASE_STRIP = NO;
				DEBUG_INFORMATION_FORMAT = dwarf;
				ENABLE_STRICT_OBJC_MSGSEND = YES;
				ENABLE_TESTABILITY = YES;
				GCC_C_LANGUAGE_STANDARD = gnu99;
				GCC_DYNAMIC_NO_PIC = NO;
				GCC_NO_COMMON_BLOCKS = YES;
				GCC_OPTIMIZATION_LEVEL = 0;
				GCC_PREPROCESSOR_DEFINITIONS = (
					"DEBUG=1",
					"$(inherited)",
				);
				GCC_WARN_64_TO_32_BIT_CONVERSION = YES;
				GCC_WARN_ABOUT_RETURN_TYPE = YES_ERROR;
				GCC_WARN_UNDECLARED_SELECTOR = YES;
				GCC_WARN_UNINITIALIZED_AUTOS = YES_AGGRESSIVE;
				GCC_WARN_UNUSED_FUNCTION = YES;
				GCC_WARN_UNUSED_VARIABLE = YES;
				IPHONEOS_DEPLOYMENT_TARGET = 9.1;
				MTL_ENABLE_DEBUG_INFO = YES;
				ONLY_ACTIVE_ARCH = YES;
				SDKROOT = iphoneos;
				SWIFT_OPTIMIZATION_LEVEL = "-Onone";
				TARGETED_DEVICE_FAMILY = "1,2";
			};
			name = Debug;
		};
		7102B25A1C0BE93600497F95 /* Release */ = {
			isa = XCBuildConfiguration;
			buildSettings = {
				ALWAYS_SEARCH_USER_PATHS = NO;
				CLANG_CXX_LANGUAGE_STANDARD = "gnu++0x";
				CLANG_CXX_LIBRARY = "libc++";
				CLANG_ENABLE_MODULES = YES;
				CLANG_ENABLE_OBJC_ARC = YES;
				CLANG_WARN_BOOL_CONVERSION = YES;
				CLANG_WARN_CONSTANT_CONVERSION = YES;
				CLANG_WARN_DIRECT_OBJC_ISA_USAGE = YES_ERROR;
				CLANG_WARN_EMPTY_BODY = YES;
				CLANG_WARN_ENUM_CONVERSION = YES;
				CLANG_WARN_INT_CONVERSION = YES;
				CLANG_WARN_OBJC_ROOT_CLASS = YES_ERROR;
				CLANG_WARN_UNREACHABLE_CODE = YES;
				CLANG_WARN__DUPLICATE_METHOD_MATCH = YES;
				"CODE_SIGN_IDENTITY[sdk=iphoneos*]" = "iPhone Developer";
				COPY_PHASE_STRIP = NO;
				DEBUG_INFORMATION_FORMAT = "dwarf-with-dsym";
				ENABLE_NS_ASSERTIONS = NO;
				ENABLE_STRICT_OBJC_MSGSEND = YES;
				GCC_C_LANGUAGE_STANDARD = gnu99;
				GCC_NO_COMMON_BLOCKS = YES;
				GCC_WARN_64_TO_32_BIT_CONVERSION = YES;
				GCC_WARN_ABOUT_RETURN_TYPE = YES_ERROR;
				GCC_WARN_UNDECLARED_SELECTOR = YES;
				GCC_WARN_UNINITIALIZED_AUTOS = YES_AGGRESSIVE;
				GCC_WARN_UNUSED_FUNCTION = YES;
				GCC_WARN_UNUSED_VARIABLE = YES;
				IPHONEOS_DEPLOYMENT_TARGET = 9.1;
				MTL_ENABLE_DEBUG_INFO = NO;
				SDKROOT = iphoneos;
				TARGETED_DEVICE_FAMILY = "1,2";
				VALIDATE_PRODUCT = YES;
			};
			name = Release;
		};
		7102B25C1C0BE93600497F95 /* Debug */ = {
			isa = XCBuildConfiguration;
			baseConfigurationReference = D9058946100FDE5D2D51E4EA /* Pods-OmnipotentApp.debug.xcconfig */;
			buildSettings = {
				ASSETCATALOG_COMPILER_APPICON_NAME = AppIcon;
				CLANG_ENABLE_MODULES = YES;
				CODE_SIGN_IDENTITY = "iPhone Developer";
				INFOPLIST_FILE = "$(SRCROOT)/OmnipotentApp/Supporting Files/Info.plist";
				IPHONEOS_DEPLOYMENT_TARGET = 7.0;
				LD_RUNPATH_SEARCH_PATHS = "$(inherited) @executable_path/Frameworks";
				PRODUCT_BUNDLE_IDENTIFIER = com.GeekRRK.OmnipotentApp;
				PRODUCT_NAME = "$(TARGET_NAME)";
				SWIFT_OBJC_BRIDGING_HEADER = "OmnipotentApp/Supporting Files/OmnipotentApp-Bridging-Header.h";
				SWIFT_OPTIMIZATION_LEVEL = "-Onone";
			};
			name = Debug;
		};
		7102B25D1C0BE93600497F95 /* Release */ = {
			isa = XCBuildConfiguration;
			baseConfigurationReference = 398944F4D3B27DDD2322C5A2 /* Pods-OmnipotentApp.release.xcconfig */;
			buildSettings = {
				ASSETCATALOG_COMPILER_APPICON_NAME = AppIcon;
				CLANG_ENABLE_MODULES = YES;
				CODE_SIGN_IDENTITY = "iPhone Developer";
				INFOPLIST_FILE = "$(SRCROOT)/OmnipotentApp/Supporting Files/Info.plist";
				IPHONEOS_DEPLOYMENT_TARGET = 7.0;
				LD_RUNPATH_SEARCH_PATHS = "$(inherited) @executable_path/Frameworks";
				PRODUCT_BUNDLE_IDENTIFIER = com.GeekRRK.OmnipotentApp;
				PRODUCT_NAME = "$(TARGET_NAME)";
				SWIFT_OBJC_BRIDGING_HEADER = "OmnipotentApp/Supporting Files/OmnipotentApp-Bridging-Header.h";
			};
			name = Release;
		};
		7102B25F1C0BE93600497F95 /* Debug */ = {
			isa = XCBuildConfiguration;
			buildSettings = {
				BUNDLE_LOADER = "$(TEST_HOST)";
				INFOPLIST_FILE = OmnipotentAppTests/Info.plist;
				LD_RUNPATH_SEARCH_PATHS = "$(inherited) @executable_path/Frameworks @loader_path/Frameworks";
				PRODUCT_BUNDLE_IDENTIFIER = com.GeekRRK.OmnipotentAppTests;
				PRODUCT_NAME = "$(TARGET_NAME)";
				TEST_HOST = "$(BUILT_PRODUCTS_DIR)/OmnipotentApp.app/OmnipotentApp";
			};
			name = Debug;
		};
		7102B2601C0BE93600497F95 /* Release */ = {
			isa = XCBuildConfiguration;
			buildSettings = {
				BUNDLE_LOADER = "$(TEST_HOST)";
				INFOPLIST_FILE = OmnipotentAppTests/Info.plist;
				LD_RUNPATH_SEARCH_PATHS = "$(inherited) @executable_path/Frameworks @loader_path/Frameworks";
				PRODUCT_BUNDLE_IDENTIFIER = com.GeekRRK.OmnipotentAppTests;
				PRODUCT_NAME = "$(TARGET_NAME)";
				TEST_HOST = "$(BUILT_PRODUCTS_DIR)/OmnipotentApp.app/OmnipotentApp";
			};
			name = Release;
		};
		7102B2621C0BE93600497F95 /* Debug */ = {
			isa = XCBuildConfiguration;
			buildSettings = {
				INFOPLIST_FILE = OmnipotentAppUITests/Info.plist;
				LD_RUNPATH_SEARCH_PATHS = "$(inherited) @executable_path/Frameworks @loader_path/Frameworks";
				PRODUCT_BUNDLE_IDENTIFIER = com.GeekRRK.OmnipotentAppUITests;
				PRODUCT_NAME = "$(TARGET_NAME)";
				TEST_TARGET_NAME = OmnipotentApp;
				USES_XCTRUNNER = YES;
			};
			name = Debug;
		};
		7102B2631C0BE93600497F95 /* Release */ = {
			isa = XCBuildConfiguration;
			buildSettings = {
				INFOPLIST_FILE = OmnipotentAppUITests/Info.plist;
				LD_RUNPATH_SEARCH_PATHS = "$(inherited) @executable_path/Frameworks @loader_path/Frameworks";
				PRODUCT_BUNDLE_IDENTIFIER = com.GeekRRK.OmnipotentAppUITests;
				PRODUCT_NAME = "$(TARGET_NAME)";
				TEST_TARGET_NAME = OmnipotentApp;
				USES_XCTRUNNER = YES;
			};
			name = Release;
		};
/* End XCBuildConfiguration section */

/* Begin XCConfigurationList section */
		7102B22B1C0BE93400497F95 /* Build configuration list for PBXProject "OmnipotentApp" */ = {
			isa = XCConfigurationList;
			buildConfigurations = (
				7102B2591C0BE93600497F95 /* Debug */,
				7102B25A1C0BE93600497F95 /* Release */,
			);
			defaultConfigurationIsVisible = 0;
			defaultConfigurationName = Release;
		};
		7102B25B1C0BE93600497F95 /* Build configuration list for PBXNativeTarget "OmnipotentApp" */ = {
			isa = XCConfigurationList;
			buildConfigurations = (
				7102B25C1C0BE93600497F95 /* Debug */,
				7102B25D1C0BE93600497F95 /* Release */,
			);
			defaultConfigurationIsVisible = 0;
			defaultConfigurationName = Release;
		};
		7102B25E1C0BE93600497F95 /* Build configuration list for PBXNativeTarget "OmnipotentAppTests" */ = {
			isa = XCConfigurationList;
			buildConfigurations = (
				7102B25F1C0BE93600497F95 /* Debug */,
				7102B2601C0BE93600497F95 /* Release */,
			);
			defaultConfigurationIsVisible = 0;
			defaultConfigurationName = Release;
		};
		7102B2611C0BE93600497F95 /* Build configuration list for PBXNativeTarget "OmnipotentAppUITests" */ = {
			isa = XCConfigurationList;
			buildConfigurations = (
				7102B2621C0BE93600497F95 /* Debug */,
				7102B2631C0BE93600497F95 /* Release */,
			);
			defaultConfigurationIsVisible = 0;
			defaultConfigurationName = Release;
		};
/* End XCConfigurationList section */

/* Begin XCVersionGroup section */
		71CA99161C1684AD0013FCBD /* OmnipotentApp.xcdatamodeld */ = {
			isa = XCVersionGroup;
			children = (
				71CA99171C1684AD0013FCBD /* OmnipotentApp.xcdatamodel */,
			);
			currentVersion = 71CA99171C1684AD0013FCBD /* OmnipotentApp.xcdatamodel */;
			path = OmnipotentApp.xcdatamodeld;
			sourceTree = "<group>";
			versionGroupType = wrapper.xcdatamodel;
		};
/* End XCVersionGroup section */
	};
	rootObject = 7102B2281C0BE93400497F95 /* Project object */;
}
